
Microsoft Visual Studio Solution File, Format Version 12.00
# Visual Studio Version 16
VisualStudioVersion = 16.0.32228.343
MinimumVisualStudioVersion = 10.0.40219.1
Project("{FAE04EC0-301F-11D3-BF4B-00C04F79EFBC}") = "LabBookingSystem", "LabBookingSystem\LabBookingSystem.csproj", "{C0EE383D-E98B-49FC-9EBF-43608F2C7B44}"
EndProject
Global
	GlobalSection(SolutionConfigurationPlatforms) = preSolution
		Debug|Any CPU = Debug|Any CPU
		Release|Any CPU = Release|Any CPU
	EndGlobalSection
	GlobalSection(ProjectConfigurationPlatforms) = postSolution
		{C0EE383D-E98B-49FC-9EBF-43608F2C7B44}.Debug|Any CPU.ActiveCfg = Debug|Any CPU
		{C0EE383D-E98B-49FC-9EBF-43608F2C7B44}.Debug|Any CPU.Build.0 = Debug|Any CPU
		{C0EE383D-E98B-49FC-9EBF-43608F2C7B44}.Release|Any CPU.ActiveCfg = Release|Any CPU
		{C0EE383D-E98B-49FC-9EBF-43608F2C7B44}.Release|Any CPU.Build.0 = Release|Any CPU
	EndGlobalSection
	GlobalSection(SolutionProperties) = preSolution
		HideSolutionNode = FALSE
	EndGlobalSection
	GlobalSection(ExtensibilityGlobals) = postSolution
		SolutionGuid = {3A1E7004-4440-4A66-9356-690D005E24FB}
	EndGlobalSection
EndGlobal
